// !$*UTF8*$!
{
	archiveVersion = 1;
	classes = {
	};
	objectVersion = 46;
	objects = {

/* Begin PBXBuildFile section */
		8A0A09881786E48F0043678E /* MyGLViewController.xib in Resources */ = {isa = PBXBuildFile; fileRef = 8A0A098A1786E48F0043678E /* MyGLViewController.xib */; };
		8A0DB695178AA17500191C35 /* shader_color_fade.txt in Resources */ = {isa = PBXBuildFile; fileRef = 8A0DB694178AA17500191C35 /* shader_color_fade.txt */; };
		8A29A854178BE9820004F074 /* ToggleButton.m in Sources */ = {isa = PBXBuildFile; fileRef = 8A29A853178BE9820004F074 /* ToggleButton.m */; };
		8A29A857178BEBC40004F074 /* sound_off.png in Resources */ = {isa = PBXBuildFile; fileRef = 8A29A855178BEBC40004F074 /* sound_off.png */; };
		8A29A858178BEBC40004F074 /* sound_on.png in Resources */ = {isa = PBXBuildFile; fileRef = 8A29A856178BEBC40004F074 /* sound_on.png */; };
		8A4E022A17856CAF00D3F403 /* CColor.mm in Sources */ = {isa = PBXBuildFile; fileRef = 8A4E022817856CAF00D3F403 /* CColor.mm */; };
		8A4E022D1785711E00D3F403 /* IGL.mm in Sources */ = {isa = PBXBuildFile; fileRef = 8A4E022C1785711E00D3F403 /* IGL.mm */; };
		8A4E022F1785723400D3F403 /* QuartzCore.framework in Frameworks */ = {isa = PBXBuildFile; fileRef = 8A4E022E1785723400D3F403 /* QuartzCore.framework */; };
		8A4E02321785726800D3F403 /* IGLView.mm in Sources */ = {isa = PBXBuildFile; fileRef = 8A4E02311785726800D3F403 /* IGLView.mm */; };
		8A4E02351785734800D3F403 /* OpenGLES.framework in Frameworks */ = {isa = PBXBuildFile; fileRef = 8A4E02341785734800D3F403 /* OpenGLES.framework */; };
		8A4E02381785750C00D3F403 /* IGLImage.mm in Sources */ = {isa = PBXBuildFile; fileRef = 8A4E02371785750C00D3F403 /* IGLImage.mm */; };
		8A4E023B1785765800D3F403 /* IGLShader.mm in Sources */ = {isa = PBXBuildFile; fileRef = 8A4E023A1785765800D3F403 /* IGLShader.mm */; };
		8A4E023E178579F200D3F403 /* MyGLView.mm in Sources */ = {isa = PBXBuildFile; fileRef = 8A4E023D178579F200D3F403 /* MyGLView.mm */; };
		8A4E024117857A3D00D3F403 /* MyGLShader.mm in Sources */ = {isa = PBXBuildFile; fileRef = 8A4E024017857A3C00D3F403 /* MyGLShader.mm */; };
		8A7B4272178563B00023AD49 /* CMatrix.mm in Sources */ = {isa = PBXBuildFile; fileRef = 8A7B4270178563B00023AD49 /* CMatrix.mm */; };
		8A817EDA178D4A9600E6F5D8 /* image01_01.jpg in Resources */ = {isa = PBXBuildFile; fileRef = 8A817ED1178D4A9600E6F5D8 /* image01_01.jpg */; };
		8A817EDB178D4A9600E6F5D8 /* image01_02.jpg in Resources */ = {isa = PBXBuildFile; fileRef = 8A817ED2178D4A9600E6F5D8 /* image01_02.jpg */; };
		8A817EDC178D4A9600E6F5D8 /* image01_03.jpg in Resources */ = {isa = PBXBuildFile; fileRef = 8A817ED3178D4A9600E6F5D8 /* image01_03.jpg */; };
		8A817EDD178D4A9600E6F5D8 /* image02_01.jpg in Resources */ = {isa = PBXBuildFile; fileRef = 8A817ED4178D4A9600E6F5D8 /* image02_01.jpg */; };
		8A817EDE178D4A9600E6F5D8 /* image02_02.jpg in Resources */ = {isa = PBXBuildFile; fileRef = 8A817ED5178D4A9600E6F5D8 /* image02_02.jpg */; };
		8A817EDF178D4A9600E6F5D8 /* image02_03.jpg in Resources */ = {isa = PBXBuildFile; fileRef = 8A817ED6178D4A9600E6F5D8 /* image02_03.jpg */; };
		8A817EE0178D4A9600E6F5D8 /* image03_01.jpg in Resources */ = {isa = PBXBuildFile; fileRef = 8A817ED7178D4A9600E6F5D8 /* image03_01.jpg */; };
		8A817EE1178D4A9600E6F5D8 /* image03_02.jpg in Resources */ = {isa = PBXBuildFile; fileRef = 8A817ED8178D4A9600E6F5D8 /* image03_02.jpg */; };
		8A817EE2178D4A9600E6F5D8 /* image03_03.jpg in Resources */ = {isa = PBXBuildFile; fileRef = 8A817ED9178D4A9600E6F5D8 /* image03_03.jpg */; };
		8A8956C317891FF500DBE095 /* shader_normal.txt in Resources */ = {isa = PBXBuildFile; fileRef = 8A8956C217891FF500DBE095 /* shader_normal.txt */; };
		8A8956C51789271F00DBE095 /* shader_fade.txt in Resources */ = {isa = PBXBuildFile; fileRef = 8A8956C41789271F00DBE095 /* shader_fade.txt */; };
		8A8956C81789537500DBE095 /* ChangeData.mm in Sources */ = {isa = PBXBuildFile; fileRef = 8A8956C71789537500DBE095 /* ChangeData.mm */; };
		8AD7111B17841DBC0010DBB9 /* UIKit.framework in Frameworks */ = {isa = PBXBuildFile; fileRef = 8AD7111A17841DBC0010DBB9 /* UIKit.framework */; };
		8AD7111D17841DBC0010DBB9 /* Foundation.framework in Frameworks */ = {isa = PBXBuildFile; fileRef = 8AD7111C17841DBC0010DBB9 /* Foundation.framework */; };
		8AD7111F17841DBC0010DBB9 /* CoreGraphics.framework in Frameworks */ = {isa = PBXBuildFile; fileRef = 8AD7111E17841DBC0010DBB9 /* CoreGraphics.framework */; };
		8AD7112517841DBC0010DBB9 /* InfoPlist.strings in Resources */ = {isa = PBXBuildFile; fileRef = 8AD7112317841DBC0010DBB9 /* InfoPlist.strings */; };
		8AD7112717841DBC0010DBB9 /* main.m in Sources */ = {isa = PBXBuildFile; fileRef = 8AD7112617841DBC0010DBB9 /* main.m */; };
		8AD7112B17841DBC0010DBB9 /* AppDelegate.mm in Sources */ = {isa = PBXBuildFile; fileRef = 8AD7112A17841DBC0010DBB9 /* AppDelegate.mm */; };
		8AD7112D17841DBC0010DBB9 /* Default.png in Resources */ = {isa = PBXBuildFile; fileRef = 8AD7112C17841DBC0010DBB9 /* Default.png */; };
		8AD7112F17841DBC0010DBB9 /* Default@2x.png in Resources */ = {isa = PBXBuildFile; fileRef = 8AD7112E17841DBC0010DBB9 /* Default@2x.png */; };
		8AD7113117841DBC0010DBB9 /* Default-568h@2x.png in Resources */ = {isa = PBXBuildFile; fileRef = 8AD7113017841DBC0010DBB9 /* Default-568h@2x.png */; };
		8AD711471784272F0010DBB9 /* MyGLViewController.mm in Sources */ = {isa = PBXBuildFile; fileRef = 8AD711451784272F0010DBB9 /* MyGLViewController.mm */; };
		8AD7114F17842AF00010DBB9 /* icon1111.png in Resources */ = {isa = PBXBuildFile; fileRef = 8AD7114E17842AF00010DBB9 /* icon1111.png */; };
		8AD7115117842AF70010DBB9 /* icon2222.png in Resources */ = {isa = PBXBuildFile; fileRef = 8AD7115017842AF70010DBB9 /* icon2222.png */; };
		8AD71161178434E80010DBB9 /* facebook1.png in Resources */ = {isa = PBXBuildFile; fileRef = 8AD7115F178434E80010DBB9 /* facebook1.png */; };
		8AD71162178434E80010DBB9 /* twitter1.png in Resources */ = {isa = PBXBuildFile; fileRef = 8AD71160178434E80010DBB9 /* twitter1.png */; };
		8AE2605917882B19008FFA86 /* 01.wav in Resources */ = {isa = PBXBuildFile; fileRef = 8AE2604D17882B19008FFA86 /* 01.wav */; };
		8AE2605A17882B19008FFA86 /* 02.wav in Resources */ = {isa = PBXBuildFile; fileRef = 8AE2604E17882B19008FFA86 /* 02.wav */; };
		8AE2605B17882B19008FFA86 /* 03.wav in Resources */ = {isa = PBXBuildFile; fileRef = 8AE2604F17882B19008FFA86 /* 03.wav */; };
		8AE2605C17882B19008FFA86 /* 04.wav in Resources */ = {isa = PBXBuildFile; fileRef = 8AE2605017882B19008FFA86 /* 04.wav */; };
		8AE2605D17882B19008FFA86 /* 05.wav in Resources */ = {isa = PBXBuildFile; fileRef = 8AE2605117882B19008FFA86 /* 05.wav */; };
		8AE2605E17882B19008FFA86 /* 06.wav in Resources */ = {isa = PBXBuildFile; fileRef = 8AE2605217882B19008FFA86 /* 06.wav */; };
		8AE2605F17882B19008FFA86 /* 07.wav in Resources */ = {isa = PBXBuildFile; fileRef = 8AE2605317882B19008FFA86 /* 07.wav */; };
		8AE2606017882B19008FFA86 /* 08.wav in Resources */ = {isa = PBXBuildFile; fileRef = 8AE2605417882B19008FFA86 /* 08.wav */; };
		8AE2606117882B19008FFA86 /* 09.wav in Resources */ = {isa = PBXBuildFile; fileRef = 8AE2605517882B19008FFA86 /* 09.wav */; };
		8AE2606217882B19008FFA86 /* 10.wav in Resources */ = {isa = PBXBuildFile; fileRef = 8AE2605617882B19008FFA86 /* 10.wav */; };
		8AE2606317882B19008FFA86 /* 11.wav in Resources */ = {isa = PBXBuildFile; fileRef = 8AE2605717882B19008FFA86 /* 11.wav */; };
		8AE2606417882B19008FFA86 /* 12.wav in Resources */ = {isa = PBXBuildFile; fileRef = 8AE2605817882B19008FFA86 /* 12.wav */; };
		8AE2606617882C2C008FFA86 /* AudioToolbox.framework in Frameworks */ = {isa = PBXBuildFile; fileRef = 8AE2606517882C2C008FFA86 /* AudioToolbox.framework */; };
		8AE2606817882C39008FFA86 /* CoreAudio.framework in Frameworks */ = {isa = PBXBuildFile; fileRef = 8AE2606717882C39008FFA86 /* CoreAudio.framework */; };
		8AE2606A17882C44008FFA86 /* AVFoundation.framework in Frameworks */ = {isa = PBXBuildFile; fileRef = 8AE2606917882C44008FFA86 /* AVFoundation.framework */; };
/* End PBXBuildFile section */

/* Begin PBXFileReference section */
		8A0A09871786E4730043678E /* ja */ = {isa = PBXFileReference; lastKnownFileType = text.plist.strings; name = ja; path = ja.lproj/InfoPlist.strings; sourceTree = "<group>"; };
		8A0A09891786E48F0043678E /* en */ = {isa = PBXFileReference; lastKnownFileType = file.xib; name = en; path = en.lproj/MyGLViewController.xib; sourceTree = "<group>"; };
		8A0A098B1786E4950043678E /* ja */ = {isa = PBXFileReference; lastKnownFileType = file.xib; name = ja; path = ja.lproj/MyGLViewController.xib; sourceTree = "<group>"; };
		8A0DB694178AA17500191C35 /* shader_color_fade.txt */ = {isa = PBXFileReference; fileEncoding = 4; lastKnownFileType = text; name = shader_color_fade.txt; path = resource/src/shader_color_fade.txt; sourceTree = "<group>"; };
		8A29A852178BE9820004F074 /* ToggleButton.h */ = {isa = PBXFileReference; fileEncoding = 4; lastKnownFileType = sourcecode.c.h; name = ToggleButton.h; path = viewController/ToggleButton.h; sourceTree = "<group>"; };
		8A29A853178BE9820004F074 /* ToggleButton.m */ = {isa = PBXFileReference; fileEncoding = 4; lastKnownFileType = sourcecode.c.objc; name = ToggleButton.m; path = viewController/ToggleButton.m; sourceTree = "<group>"; };
		8A29A855178BEBC40004F074 /* sound_off.png */ = {isa = PBXFileReference; lastKnownFileType = image.png; path = sound_off.png; sourceTree = "<group>"; };
		8A29A856178BEBC40004F074 /* sound_on.png */ = {isa = PBXFileReference; lastKnownFileType = image.png; path = sound_on.png; sourceTree = "<group>"; };
		8A4E022817856CAF00D3F403 /* CColor.mm */ = {isa = PBXFileReference; fileEncoding = 4; lastKnownFileType = sourcecode.cpp.objcpp; name = CColor.mm; path = lib/CColor.mm; sourceTree = "<group>"; };
		8A4E022917856CAF00D3F403 /* CColor.h */ = {isa = PBXFileReference; fileEncoding = 4; lastKnownFileType = sourcecode.c.h; name = CColor.h; path = lib/CColor.h; sourceTree = "<group>"; };
		8A4E022B1785711E00D3F403 /* IGL.h */ = {isa = PBXFileReference; fileEncoding = 4; lastKnownFileType = sourcecode.c.h; name = IGL.h; path = lib/IGL.h; sourceTree = "<group>"; };
		8A4E022C1785711E00D3F403 /* IGL.mm */ = {isa = PBXFileReference; fileEncoding = 4; lastKnownFileType = sourcecode.cpp.objcpp; name = IGL.mm; path = lib/IGL.mm; sourceTree = "<group>"; };
		8A4E022E1785723400D3F403 /* QuartzCore.framework */ = {isa = PBXFileReference; lastKnownFileType = wrapper.framework; name = QuartzCore.framework; path = System/Library/Frameworks/QuartzCore.framework; sourceTree = SDKROOT; };
		8A4E02301785726800D3F403 /* IGLView.h */ = {isa = PBXFileReference; fileEncoding = 4; lastKnownFileType = sourcecode.c.h; name = IGLView.h; path = lib/IGLView.h; sourceTree = "<group>"; };
		8A4E02311785726800D3F403 /* IGLView.mm */ = {isa = PBXFileReference; fileEncoding = 4; lastKnownFileType = sourcecode.cpp.objcpp; name = IGLView.mm; path = lib/IGLView.mm; sourceTree = "<group>"; };
		8A4E02331785733400D3F403 /* IGLKit.h */ = {isa = PBXFileReference; lastKnownFileType = sourcecode.c.h; name = IGLKit.h; path = lib/IGLKit.h; sourceTree = "<group>"; };
		8A4E02341785734800D3F403 /* OpenGLES.framework */ = {isa = PBXFileReference; lastKnownFileType = wrapper.framework; name = OpenGLES.framework; path = System/Library/Frameworks/OpenGLES.framework; sourceTree = SDKROOT; };
		8A4E02361785750C00D3F403 /* IGLImage.h */ = {isa = PBXFileReference; fileEncoding = 4; lastKnownFileType = sourcecode.c.h; name = IGLImage.h; path = lib/IGLImage.h; sourceTree = "<group>"; };
		8A4E02371785750C00D3F403 /* IGLImage.mm */ = {isa = PBXFileReference; fileEncoding = 4; lastKnownFileType = sourcecode.cpp.objcpp; name = IGLImage.mm; path = lib/IGLImage.mm; sourceTree = "<group>"; };
		8A4E02391785765800D3F403 /* IGLShader.h */ = {isa = PBXFileReference; fileEncoding = 4; lastKnownFileType = sourcecode.c.h; name = IGLShader.h; path = lib/IGLShader.h; sourceTree = "<group>"; };
		8A4E023A1785765800D3F403 /* IGLShader.mm */ = {isa = PBXFileReference; fileEncoding = 4; lastKnownFileType = sourcecode.cpp.objcpp; name = IGLShader.mm; path = lib/IGLShader.mm; sourceTree = "<group>"; };
		8A4E023C178579F200D3F403 /* MyGLView.h */ = {isa = PBXFileReference; fileEncoding = 4; lastKnownFileType = sourcecode.c.h; name = MyGLView.h; path = viewController/MyGLView.h; sourceTree = "<group>"; };
		8A4E023D178579F200D3F403 /* MyGLView.mm */ = {isa = PBXFileReference; fileEncoding = 4; lastKnownFileType = sourcecode.cpp.objcpp; name = MyGLView.mm; path = viewController/MyGLView.mm; sourceTree = "<group>"; };
		8A4E023F17857A3C00D3F403 /* MyGLShader.h */ = {isa = PBXFileReference; fileEncoding = 4; lastKnownFileType = sourcecode.c.h; path = MyGLShader.h; sourceTree = "<group>"; };
		8A4E024017857A3C00D3F403 /* MyGLShader.mm */ = {isa = PBXFileReference; fileEncoding = 4; lastKnownFileType = sourcecode.cpp.objcpp; path = MyGLShader.mm; sourceTree = "<group>"; };
		8A7B426F17855CD60023AD49 /* CVec2D.h */ = {isa = PBXFileReference; lastKnownFileType = sourcecode.c.h; name = CVec2D.h; path = lib/CVec2D.h; sourceTree = "<group>"; };
		8A7B4270178563B00023AD49 /* CMatrix.mm */ = {isa = PBXFileReference; fileEncoding = 4; lastKnownFileType = sourcecode.cpp.objcpp; name = CMatrix.mm; path = lib/CMatrix.mm; sourceTree = "<group>"; };
		8A7B4271178563B00023AD49 /* CMatrix.h */ = {isa = PBXFileReference; fileEncoding = 4; lastKnownFileType = sourcecode.c.h; name = CMatrix.h; path = lib/CMatrix.h; sourceTree = "<group>"; };
		8A817ED1178D4A9600E6F5D8 /* image01_01.jpg */ = {isa = PBXFileReference; lastKnownFileType = image.jpeg; path = image01_01.jpg; sourceTree = "<group>"; };
		8A817ED2178D4A9600E6F5D8 /* image01_02.jpg */ = {isa = PBXFileReference; lastKnownFileType = image.jpeg; path = image01_02.jpg; sourceTree = "<group>"; };
		8A817ED3178D4A9600E6F5D8 /* image01_03.jpg */ = {isa = PBXFileReference; lastKnownFileType = image.jpeg; path = image01_03.jpg; sourceTree = "<group>"; };
		8A817ED4178D4A9600E6F5D8 /* image02_01.jpg */ = {isa = PBXFileReference; lastKnownFileType = image.jpeg; path = image02_01.jpg; sourceTree = "<group>"; };
		8A817ED5178D4A9600E6F5D8 /* image02_02.jpg */ = {isa = PBXFileReference; lastKnownFileType = image.jpeg; path = image02_02.jpg; sourceTree = "<group>"; };
		8A817ED6178D4A9600E6F5D8 /* image02_03.jpg */ = {isa = PBXFileReference; lastKnownFileType = image.jpeg; path = image02_03.jpg; sourceTree = "<group>"; };
		8A817ED7178D4A9600E6F5D8 /* image03_01.jpg */ = {isa = PBXFileReference; lastKnownFileType = image.jpeg; path = image03_01.jpg; sourceTree = "<group>"; };
		8A817ED8178D4A9600E6F5D8 /* image03_02.jpg */ = {isa = PBXFileReference; lastKnownFileType = image.jpeg; path = image03_02.jpg; sourceTree = "<group>"; };
		8A817ED9178D4A9600E6F5D8 /* image03_03.jpg */ = {isa = PBXFileReference; lastKnownFileType = image.jpeg; path = image03_03.jpg; sourceTree = "<group>"; };
		8A8956C217891FF500DBE095 /* shader_normal.txt */ = {isa = PBXFileReference; fileEncoding = 4; lastKnownFileType = text; name = shader_normal.txt; path = resource/src/shader_normal.txt; sourceTree = "<group>"; };
		8A8956C41789271F00DBE095 /* shader_fade.txt */ = {isa = PBXFileReference; fileEncoding = 4; lastKnownFileType = text; name = shader_fade.txt; path = resource/src/shader_fade.txt; sourceTree = "<group>"; };
		8A8956C61789537500DBE095 /* ChangeData.h */ = {isa = PBXFileReference; fileEncoding = 4; lastKnownFileType = sourcecode.c.h; path = ChangeData.h; sourceTree = "<group>"; };
		8A8956C71789537500DBE095 /* ChangeData.mm */ = {isa = PBXFileReference; fileEncoding = 4; lastKnownFileType = sourcecode.cpp.objcpp; path = ChangeData.mm; sourceTree = "<group>"; };
		8AD7111717841DBC0010DBB9 /* TapGirl.app */ = {isa = PBXFileReference; explicitFileType = wrapper.application; includeInIndex = 0; path = TapGirl.app; sourceTree = BUILT_PRODUCTS_DIR; };
		8AD7111A17841DBC0010DBB9 /* UIKit.framework */ = {isa = PBXFileReference; lastKnownFileType = wrapper.framework; name = UIKit.framework; path = System/Library/Frameworks/UIKit.framework; sourceTree = SDKROOT; };
		8AD7111C17841DBC0010DBB9 /* Foundation.framework */ = {isa = PBXFileReference; lastKnownFileType = wrapper.framework; name = Foundation.framework; path = System/Library/Frameworks/Foundation.framework; sourceTree = SDKROOT; };
		8AD7111E17841DBC0010DBB9 /* CoreGraphics.framework */ = {isa = PBXFileReference; lastKnownFileType = wrapper.framework; name = CoreGraphics.framework; path = System/Library/Frameworks/CoreGraphics.framework; sourceTree = SDKROOT; };
		8AD7112217841DBC0010DBB9 /* TapGirl-Info.plist */ = {isa = PBXFileReference; lastKnownFileType = text.plist.xml; path = "TapGirl-Info.plist"; sourceTree = "<group>"; };
		8AD7112417841DBC0010DBB9 /* en */ = {isa = PBXFileReference; lastKnownFileType = text.plist.strings; name = en; path = en.lproj/InfoPlist.strings; sourceTree = "<group>"; };
		8AD7112617841DBC0010DBB9 /* main.m */ = {isa = PBXFileReference; lastKnownFileType = sourcecode.c.objc; path = main.m; sourceTree = "<group>"; };
		8AD7112817841DBC0010DBB9 /* TapGirl-Prefix.pch */ = {isa = PBXFileReference; lastKnownFileType = sourcecode.c.h; path = "TapGirl-Prefix.pch"; sourceTree = "<group>"; };
		8AD7112917841DBC0010DBB9 /* AppDelegate.h */ = {isa = PBXFileReference; lastKnownFileType = sourcecode.c.h; path = AppDelegate.h; sourceTree = "<group>"; };
		8AD7112A17841DBC0010DBB9 /* AppDelegate.mm */ = {isa = PBXFileReference; lastKnownFileType = sourcecode.cpp.objcpp; path = AppDelegate.mm; sourceTree = "<group>"; };
		8AD7112C17841DBC0010DBB9 /* Default.png */ = {isa = PBXFileReference; lastKnownFileType = image.png; path = Default.png; sourceTree = "<group>"; };
		8AD7112E17841DBC0010DBB9 /* Default@2x.png */ = {isa = PBXFileReference; lastKnownFileType = image.png; path = "Default@2x.png"; sourceTree = "<group>"; };
		8AD7113017841DBC0010DBB9 /* Default-568h@2x.png */ = {isa = PBXFileReference; lastKnownFileType = image.png; path = "Default-568h@2x.png"; sourceTree = "<group>"; };
		8AD711441784272F0010DBB9 /* MyGLViewController.h */ = {isa = PBXFileReference; fileEncoding = 4; lastKnownFileType = sourcecode.c.h; name = MyGLViewController.h; path = viewController/MyGLViewController.h; sourceTree = "<group>"; };
		8AD711451784272F0010DBB9 /* MyGLViewController.mm */ = {isa = PBXFileReference; fileEncoding = 4; lastKnownFileType = sourcecode.cpp.objcpp; name = MyGLViewController.mm; path = viewController/MyGLViewController.mm; sourceTree = "<group>"; };
		8AD7114A178429E60010DBB9 /* icon1.png */ = {isa = PBXFileReference; lastKnownFileType = image.png; path = icon1.png; sourceTree = "<group>"; };
		8AD7114C17842A160010DBB9 /* icon2.png */ = {isa = PBXFileReference; lastKnownFileType = image.png; path = icon2.png; sourceTree = "<group>"; };
		8AD7114E17842AF00010DBB9 /* icon1111.png */ = {isa = PBXFileReference; lastKnownFileType = image.png; path = icon1111.png; sourceTree = "<group>"; };
		8AD7115017842AF70010DBB9 /* icon2222.png */ = {isa = PBXFileReference; lastKnownFileType = image.png; path = icon2222.png; sourceTree = "<group>"; };
		8AD7115F178434E80010DBB9 /* facebook1.png */ = {isa = PBXFileReference; lastKnownFileType = image.png; path = facebook1.png; sourceTree = "<group>"; };
		8AD71160178434E80010DBB9 /* twitter1.png */ = {isa = PBXFileReference; lastKnownFileType = image.png; path = twitter1.png; sourceTree = "<group>"; };
		8AE2604D17882B19008FFA86 /* 01.wav */ = {isa = PBXFileReference; lastKnownFileType = audio.wav; name = 01.wav; path = resource/sound/01.wav; sourceTree = "<group>"; };
		8AE2604E17882B19008FFA86 /* 02.wav */ = {isa = PBXFileReference; lastKnownFileType = audio.wav; name = 02.wav; path = resource/sound/02.wav; sourceTree = "<group>"; };
		8AE2604F17882B19008FFA86 /* 03.wav */ = {isa = PBXFileReference; lastKnownFileType = audio.wav; name = 03.wav; path = resource/sound/03.wav; sourceTree = "<group>"; };
		8AE2605017882B19008FFA86 /* 04.wav */ = {isa = PBXFileReference; lastKnownFileType = audio.wav; name = 04.wav; path = resource/sound/04.wav; sourceTree = "<group>"; };
		8AE2605117882B19008FFA86 /* 05.wav */ = {isa = PBXFileReference; lastKnownFileType = audio.wav; name = 05.wav; path = resource/sound/05.wav; sourceTree = "<group>"; };
		8AE2605217882B19008FFA86 /* 06.wav */ = {isa = PBXFileReference; lastKnownFileType = audio.wav; name = 06.wav; path = resource/sound/06.wav; sourceTree = "<group>"; };
		8AE2605317882B19008FFA86 /* 07.wav */ = {isa = PBXFileReference; lastKnownFileType = audio.wav; name = 07.wav; path = resource/sound/07.wav; sourceTree = "<group>"; };
		8AE2605417882B19008FFA86 /* 08.wav */ = {isa = PBXFileReference; lastKnownFileType = audio.wav; name = 08.wav; path = resource/sound/08.wav; sourceTree = "<group>"; };
		8AE2605517882B19008FFA86 /* 09.wav */ = {isa = PBXFileReference; lastKnownFileType = audio.wav; name = 09.wav; path = resource/sound/09.wav; sourceTree = "<group>"; };
		8AE2605617882B19008FFA86 /* 10.wav */ = {isa = PBXFileReference; lastKnownFileType = audio.wav; name = 10.wav; path = resource/sound/10.wav; sourceTree = "<group>"; };
		8AE2605717882B19008FFA86 /* 11.wav */ = {isa = PBXFileReference; lastKnownFileType = audio.wav; name = 11.wav; path = resource/sound/11.wav; sourceTree = "<group>"; };
		8AE2605817882B19008FFA86 /* 12.wav */ = {isa = PBXFileReference; lastKnownFileType = audio.wav; name = 12.wav; path = resource/sound/12.wav; sourceTree = "<group>"; };
		8AE2606517882C2C008FFA86 /* AudioToolbox.framework */ = {isa = PBXFileReference; lastKnownFileType = wrapper.framework; name = AudioToolbox.framework; path = System/Library/Frameworks/AudioToolbox.framework; sourceTree = SDKROOT; };
		8AE2606717882C39008FFA86 /* CoreAudio.framework */ = {isa = PBXFileReference; lastKnownFileType = wrapper.framework; name = CoreAudio.framework; path = System/Library/Frameworks/CoreAudio.framework; sourceTree = SDKROOT; };
		8AE2606917882C44008FFA86 /* AVFoundation.framework */ = {isa = PBXFileReference; lastKnownFileType = wrapper.framework; name = AVFoundation.framework; path = System/Library/Frameworks/AVFoundation.framework; sourceTree = SDKROOT; };
/* End PBXFileReference section */

/* Begin PBXFrameworksBuildPhase section */
		8AD7111417841DBC0010DBB9 /* Frameworks */ = {
			isa = PBXFrameworksBuildPhase;
			buildActionMask = 2147483647;
			files = (
				8AE2606A17882C44008FFA86 /* AVFoundation.framework in Frameworks */,
				8AE2606817882C39008FFA86 /* CoreAudio.framework in Frameworks */,
				8AE2606617882C2C008FFA86 /* AudioToolbox.framework in Frameworks */,
				8A4E02351785734800D3F403 /* OpenGLES.framework in Frameworks */,
				8A4E022F1785723400D3F403 /* QuartzCore.framework in Frameworks */,
				8AD7111B17841DBC0010DBB9 /* UIKit.framework in Frameworks */,
				8AD7111D17841DBC0010DBB9 /* Foundation.framework in Frameworks */,
				8AD7111F17841DBC0010DBB9 /* CoreGraphics.framework in Frameworks */,
			);
			runOnlyForDeploymentPostprocessing = 0;
		};
/* End PBXFrameworksBuildPhase section */

/* Begin PBXGroup section */
		8A4E024217857DA900D3F403 /* texture */ = {
			isa = PBXGroup;
			children = (
				8A817ED1178D4A9600E6F5D8 /* image01_01.jpg */,
				8A817ED2178D4A9600E6F5D8 /* image01_02.jpg */,
				8A817ED3178D4A9600E6F5D8 /* image01_03.jpg */,
				8A817ED4178D4A9600E6F5D8 /* image02_01.jpg */,
				8A817ED5178D4A9600E6F5D8 /* image02_02.jpg */,
				8A817ED6178D4A9600E6F5D8 /* image02_03.jpg */,
				8A817ED7178D4A9600E6F5D8 /* image03_01.jpg */,
				8A817ED8178D4A9600E6F5D8 /* image03_02.jpg */,
				8A817ED9178D4A9600E6F5D8 /* image03_03.jpg */,
			);
			path = texture;
			sourceTree = "<group>";
		};
		8A7B426E17855CC20023AD49 /* lib */ = {
			isa = PBXGroup;
			children = (
				8A7B426F17855CD60023AD49 /* CVec2D.h */,
				8A7B4270178563B00023AD49 /* CMatrix.mm */,
				8A7B4271178563B00023AD49 /* CMatrix.h */,
				8A4E022817856CAF00D3F403 /* CColor.mm */,
				8A4E022917856CAF00D3F403 /* CColor.h */,
				8A4E022B1785711E00D3F403 /* IGL.h */,
				8A4E022C1785711E00D3F403 /* IGL.mm */,
				8A4E02301785726800D3F403 /* IGLView.h */,
				8A4E02311785726800D3F403 /* IGLView.mm */,
				8A4E02331785733400D3F403 /* IGLKit.h */,
				8A4E02361785750C00D3F403 /* IGLImage.h */,
				8A4E02371785750C00D3F403 /* IGLImage.mm */,
				8A4E02391785765800D3F403 /* IGLShader.h */,
				8A4E023A1785765800D3F403 /* IGLShader.mm */,
			);
			name = lib;
			sourceTree = "<group>";
		};
		8A8956C117891FE300DBE095 /* src */ = {
			isa = PBXGroup;
			children = (
				8A0DB694178AA17500191C35 /* shader_color_fade.txt */,
				8A8956C41789271F00DBE095 /* shader_fade.txt */,
				8A8956C217891FF500DBE095 /* shader_normal.txt */,
			);
			name = src;
			sourceTree = "<group>";
		};
		8AD7110E17841DBC0010DBB9 = {
			isa = PBXGroup;
			children = (
				8AD7115017842AF70010DBB9 /* icon2222.png */,
				8AD7114E17842AF00010DBB9 /* icon1111.png */,
				8AD7114C17842A160010DBB9 /* icon2.png */,
				8AD7114A178429E60010DBB9 /* icon1.png */,
				8AD7112017841DBC0010DBB9 /* TapGirl */,
				8AD7111917841DBC0010DBB9 /* Frameworks */,
				8AD7111817841DBC0010DBB9 /* Products */,
			);
			sourceTree = "<group>";
		};
		8AD7111817841DBC0010DBB9 /* Products */ = {
			isa = PBXGroup;
			children = (
				8AD7111717841DBC0010DBB9 /* TapGirl.app */,
			);
			name = Products;
			sourceTree = "<group>";
		};
		8AD7111917841DBC0010DBB9 /* Frameworks */ = {
			isa = PBXGroup;
			children = (
				8AE2606917882C44008FFA86 /* AVFoundation.framework */,
				8AE2606717882C39008FFA86 /* CoreAudio.framework */,
				8AE2606517882C2C008FFA86 /* AudioToolbox.framework */,
				8A4E02341785734800D3F403 /* OpenGLES.framework */,
				8A4E022E1785723400D3F403 /* QuartzCore.framework */,
				8AD7111A17841DBC0010DBB9 /* UIKit.framework */,
				8AD7111C17841DBC0010DBB9 /* Foundation.framework */,
				8AD7111E17841DBC0010DBB9 /* CoreGraphics.framework */,
			);
			name = Frameworks;
			sourceTree = "<group>";
		};
		8AD7112017841DBC0010DBB9 /* TapGirl */ = {
			isa = PBXGroup;
			children = (
				8AE2604A178817BD008FFA86 /* OtherSource */,
				8A7B426E17855CC20023AD49 /* lib */,
				8AD71149178429350010DBB9 /* resource */,
				8AD711431784249D0010DBB9 /* ViewAndViewController */,
				8AD7112917841DBC0010DBB9 /* AppDelegate.h */,
				8AD7112A17841DBC0010DBB9 /* AppDelegate.mm */,
				8AD7112117841DBC0010DBB9 /* Supporting Files */,
			);
			path = TapGirl;
			sourceTree = "<group>";
		};
		8AD7112117841DBC0010DBB9 /* Supporting Files */ = {
			isa = PBXGroup;
			children = (
				8AD7112217841DBC0010DBB9 /* TapGirl-Info.plist */,
				8AD7112317841DBC0010DBB9 /* InfoPlist.strings */,
				8AD7112617841DBC0010DBB9 /* main.m */,
				8AD7112817841DBC0010DBB9 /* TapGirl-Prefix.pch */,
				8AD7112C17841DBC0010DBB9 /* Default.png */,
				8AD7112E17841DBC0010DBB9 /* Default@2x.png */,
				8AD7113017841DBC0010DBB9 /* Default-568h@2x.png */,
			);
			name = "Supporting Files";
			sourceTree = "<group>";
		};
		8AD711431784249D0010DBB9 /* ViewAndViewController */ = {
			isa = PBXGroup;
			children = (
				8AD711441784272F0010DBB9 /* MyGLViewController.h */,
				8AD711451784272F0010DBB9 /* MyGLViewController.mm */,
				8A0A098A1786E48F0043678E /* MyGLViewController.xib */,
				8A4E023C178579F200D3F403 /* MyGLView.h */,
				8A4E023D178579F200D3F403 /* MyGLView.mm */,
				8A29A852178BE9820004F074 /* ToggleButton.h */,
				8A29A853178BE9820004F074 /* ToggleButton.m */,
			);
			name = ViewAndViewController;
			sourceTree = "<group>";
		};
		8AD71149178429350010DBB9 /* resource */ = {
			isa = PBXGroup;
			children = (
				8A8956C117891FE300DBE095 /* src */,
				8AE2604B17882854008FFA86 /* sound */,
				8AD7115C178434E80010DBB9 /* graphic */,
			);
			name = resource;
			sourceTree = "<group>";
		};
		8AD7115C178434E80010DBB9 /* graphic */ = {
			isa = PBXGroup;
			children = (
				8A4E024217857DA900D3F403 /* texture */,
				8AD7115D178434E80010DBB9 /* interface */,
			);
			name = graphic;
			path = resource/graphic;
			sourceTree = "<group>";
		};
		8AD7115D178434E80010DBB9 /* interface */ = {
			isa = PBXGroup;
			children = (
				8AD7115E178434E80010DBB9 /* buttons */,
			);
			path = interface;
			sourceTree = "<group>";
		};
		8AD7115E178434E80010DBB9 /* buttons */ = {
			isa = PBXGroup;
			children = (
				8A29A855178BEBC40004F074 /* sound_off.png */,
				8A29A856178BEBC40004F074 /* sound_on.png */,
				8AD7115F178434E80010DBB9 /* facebook1.png */,
				8AD71160178434E80010DBB9 /* twitter1.png */,
			);
			path = buttons;
			sourceTree = "<group>";
		};
		8AE2604A178817BD008FFA86 /* OtherSource */ = {
			isa = PBXGroup;
			children = (
				8A4E023F17857A3C00D3F403 /* MyGLShader.h */,
				8A4E024017857A3C00D3F403 /* MyGLShader.mm */,
				8A8956C61789537500DBE095 /* ChangeData.h */,
				8A8956C71789537500DBE095 /* ChangeData.mm */,
			);
			name = OtherSource;
			sourceTree = "<group>";
		};
		8AE2604B17882854008FFA86 /* sound */ = {
			isa = PBXGroup;
			children = (
				8AE2604D17882B19008FFA86 /* 01.wav */,
				8AE2604E17882B19008FFA86 /* 02.wav */,
				8AE2604F17882B19008FFA86 /* 03.wav */,
				8AE2605017882B19008FFA86 /* 04.wav */,
				8AE2605117882B19008FFA86 /* 05.wav */,
				8AE2605217882B19008FFA86 /* 06.wav */,
				8AE2605317882B19008FFA86 /* 07.wav */,
				8AE2605417882B19008FFA86 /* 08.wav */,
				8AE2605517882B19008FFA86 /* 09.wav */,
				8AE2605617882B19008FFA86 /* 10.wav */,
				8AE2605717882B19008FFA86 /* 11.wav */,
				8AE2605817882B19008FFA86 /* 12.wav */,
			);
			name = sound;
			sourceTree = "<group>";
		};
/* End PBXGroup section */

/* Begin PBXNativeTarget section */
		8AD7111617841DBC0010DBB9 /* TapGirl */ = {
			isa = PBXNativeTarget;
			buildConfigurationList = 8AD7114017841DBC0010DBB9 /* Build configuration list for PBXNativeTarget "TapGirl" */;
			buildPhases = (
				8AD7111317841DBC0010DBB9 /* Sources */,
				8AD7111417841DBC0010DBB9 /* Frameworks */,
				8AD7111517841DBC0010DBB9 /* Resources */,
				8AE2604C178828EA008FFA86 /* ShellScript */,
			);
			buildRules = (
			);
			dependencies = (
			);
			name = TapGirl;
			productName = TapGirl;
			productReference = 8AD7111717841DBC0010DBB9 /* TapGirl.app */;
			productType = "com.apple.product-type.application";
		};
/* End PBXNativeTarget section */

/* Begin PBXProject section */
		8AD7110F17841DBC0010DBB9 /* Project object */ = {
			isa = PBXProject;
			attributes = {
				LastUpgradeCheck = 0460;
				ORGANIZATIONNAME = oono;
			};
			buildConfigurationList = 8AD7111217841DBC0010DBB9 /* Build configuration list for PBXProject "TapGirl" */;
			compatibilityVersion = "Xcode 3.2";
			developmentRegion = English;
			hasScannedForEncodings = 0;
			knownRegions = (
				en,
				ja,
			);
			mainGroup = 8AD7110E17841DBC0010DBB9;
			productRefGroup = 8AD7111817841DBC0010DBB9 /* Products */;
			projectDirPath = "";
			projectRoot = "";
			targets = (
				8AD7111617841DBC0010DBB9 /* TapGirl */,
			);
		};
/* End PBXProject section */

/* Begin PBXResourcesBuildPhase section */
		8AD7111517841DBC0010DBB9 /* Resources */ = {
			isa = PBXResourcesBuildPhase;
			buildActionMask = 2147483647;
			files = (
				8AD7112517841DBC0010DBB9 /* InfoPlist.strings in Resources */,
				8AD7112D17841DBC0010DBB9 /* Default.png in Resources */,
				8AD7112F17841DBC0010DBB9 /* Default@2x.png in Resources */,
				8AD7113117841DBC0010DBB9 /* Default-568h@2x.png in Resources */,
				8A0A09881786E48F0043678E /* MyGLViewController.xib in Resources */,
				8AD7114F17842AF00010DBB9 /* icon1111.png in Resources */,
				8AD7115117842AF70010DBB9 /* icon2222.png in Resources */,
				8AD71161178434E80010DBB9 /* facebook1.png in Resources */,
				8AD71162178434E80010DBB9 /* twitter1.png in Resources */,
				8AE2605917882B19008FFA86 /* 01.wav in Resources */,
				8AE2605A17882B19008FFA86 /* 02.wav in Resources */,
				8AE2605B17882B19008FFA86 /* 03.wav in Resources */,
				8AE2605C17882B19008FFA86 /* 04.wav in Resources */,
				8AE2605D17882B19008FFA86 /* 05.wav in Resources */,
				8AE2605E17882B19008FFA86 /* 06.wav in Resources */,
				8AE2605F17882B19008FFA86 /* 07.wav in Resources */,
				8AE2606017882B19008FFA86 /* 08.wav in Resources */,
				8AE2606117882B19008FFA86 /* 09.wav in Resources */,
				8AE2606217882B19008FFA86 /* 10.wav in Resources */,
				8AE2606317882B19008FFA86 /* 11.wav in Resources */,
				8AE2606417882B19008FFA86 /* 12.wav in Resources */,
				8A8956C317891FF500DBE095 /* shader_normal.txt in Resources */,
				8A8956C51789271F00DBE095 /* shader_fade.txt in Resources */,
				8A0DB695178AA17500191C35 /* shader_color_fade.txt in Resources */,
				8A29A857178BEBC40004F074 /* sound_off.png in Resources */,
				8A29A858178BEBC40004F074 /* sound_on.png in Resources */,
				8A817EDA178D4A9600E6F5D8 /* image01_01.jpg in Resources */,
				8A817EDB178D4A9600E6F5D8 /* image01_02.jpg in Resources */,
				8A817EDC178D4A9600E6F5D8 /* image01_03.jpg in Resources */,
				8A817EDD178D4A9600E6F5D8 /* image02_01.jpg in Resources */,
				8A817EDE178D4A9600E6F5D8 /* image02_02.jpg in Resources */,
				8A817EDF178D4A9600E6F5D8 /* image02_03.jpg in Resources */,
				8A817EE0178D4A9600E6F5D8 /* image03_01.jpg in Resources */,
				8A817EE1178D4A9600E6F5D8 /* image03_02.jpg in Resources */,
				8A817EE2178D4A9600E6F5D8 /* image03_03.jpg in Resources */,
			);
			runOnlyForDeploymentPostprocessing = 0;
		};
/* End PBXResourcesBuildPhase section */

/* Begin PBXShellScriptBuildPhase section */
		8AE2604C178828EA008FFA86 /* ShellScript */ = {
			isa = PBXShellScriptBuildPhase;
			buildActionMask = 2147483647;
			files = (
			);
			inputPaths = (
			);
			outputPaths = (
			);
			runOnlyForDeploymentPostprocessing = 0;
			shellPath = /bin/sh;
			shellScript = "";
		};
/* End PBXShellScriptBuildPhase section */

/* Begin PBXSourcesBuildPhase section */
		8AD7111317841DBC0010DBB9 /* Sources */ = {
			isa = PBXSourcesBuildPhase;
			buildActionMask = 2147483647;
			files = (
				8AD7112717841DBC0010DBB9 /* main.m in Sources */,
				8AD7112B17841DBC0010DBB9 /* AppDelegate.mm in Sources */,
				8AD711471784272F0010DBB9 /* MyGLViewController.mm in Sources */,
				8A7B4272178563B00023AD49 /* CMatrix.mm in Sources */,
				8A4E022A17856CAF00D3F403 /* CColor.mm in Sources */,
				8A4E022D1785711E00D3F403 /* IGL.mm in Sources */,
				8A4E02321785726800D3F403 /* IGLView.mm in Sources */,
				8A4E02381785750C00D3F403 /* IGLImage.mm in Sources */,
				8A4E023B1785765800D3F403 /* IGLShader.mm in Sources */,
				8A4E023E178579F200D3F403 /* MyGLView.mm in Sources */,
				8A4E024117857A3D00D3F403 /* MyGLShader.mm in Sources */,
				8A8956C81789537500DBE095 /* ChangeData.mm in Sources */,
				8A29A854178BE9820004F074 /* ToggleButton.m in Sources */,
			);
			runOnlyForDeploymentPostprocessing = 0;
		};
/* End PBXSourcesBuildPhase section */

/* Begin PBXVariantGroup section */
		8A0A098A1786E48F0043678E /* MyGLViewController.xib */ = {
			isa = PBXVariantGroup;
			children = (
				8A0A09891786E48F0043678E /* en */,
				8A0A098B1786E4950043678E /* ja */,
			);
			name = MyGLViewController.xib;
			path = viewController;
			sourceTree = "<group>";
		};
		8AD7112317841DBC0010DBB9 /* InfoPlist.strings */ = {
			isa = PBXVariantGroup;
			children = (
				8AD7112417841DBC0010DBB9 /* en */,
				8A0A09871786E4730043678E /* ja */,
			);
			name = InfoPlist.strings;
			sourceTree = "<group>";
		};
/* End PBXVariantGroup section */

/* Begin XCBuildConfiguration section */
		8AD7113E17841DBC0010DBB9 /* Debug */ = {
			isa = XCBuildConfiguration;
			buildSettings = {
				ALWAYS_SEARCH_USER_PATHS = NO;
				CLANG_CXX_LANGUAGE_STANDARD = "gnu++0x";
				CLANG_CXX_LIBRARY = "libc++";
				CLANG_WARN_CONSTANT_CONVERSION = YES;
				CLANG_WARN_EMPTY_BODY = YES;
				CLANG_WARN_ENUM_CONVERSION = YES;
				CLANG_WARN_INT_CONVERSION = YES;
				CLANG_WARN__DUPLICATE_METHOD_MATCH = YES;
				"CODE_SIGN_IDENTITY[sdk=iphoneos*]" = "iPhone Developer";
				COPY_PHASE_STRIP = NO;
				GCC_C_LANGUAGE_STANDARD = gnu99;
				GCC_DYNAMIC_NO_PIC = NO;
				GCC_OPTIMIZATION_LEVEL = 0;
				GCC_PREPROCESSOR_DEFINITIONS = (
					"DEBUG=1",
					"$(inherited)",
				);
				GCC_SYMBOLS_PRIVATE_EXTERN = NO;
				GCC_WARN_ABOUT_RETURN_TYPE = YES;
				GCC_WARN_UNINITIALIZED_AUTOS = YES;
				GCC_WARN_UNUSED_VARIABLE = YES;
				IPHONEOS_DEPLOYMENT_TARGET = 6.1;
				ONLY_ACTIVE_ARCH = YES;
				SDKROOT = iphoneos;
			};
			name = Debug;
		};
		8AD7113F17841DBC0010DBB9 /* Release */ = {
			isa = XCBuildConfiguration;
			buildSettings = {
				ALWAYS_SEARCH_USER_PATHS = NO;
				CLANG_CXX_LANGUAGE_STANDARD = "gnu++0x";
				CLANG_CXX_LIBRARY = "libc++";
				CLANG_WARN_CONSTANT_CONVERSION = YES;
				CLANG_WARN_EMPTY_BODY = YES;
				CLANG_WARN_ENUM_CONVERSION = YES;
				CLANG_WARN_INT_CONVERSION = YES;
				CLANG_WARN__DUPLICATE_METHOD_MATCH = YES;
				"CODE_SIGN_IDENTITY[sdk=iphoneos*]" = "iPhone Developer";
				COPY_PHASE_STRIP = YES;
				GCC_C_LANGUAGE_STANDARD = gnu99;
				GCC_WARN_ABOUT_RETURN_TYPE = YES;
				GCC_WARN_UNINITIALIZED_AUTOS = YES;
				GCC_WARN_UNUSED_VARIABLE = YES;
				IPHONEOS_DEPLOYMENT_TARGET = 6.1;
				OTHER_CFLAGS = "-DNS_BLOCK_ASSERTIONS=1";
				SDKROOT = iphoneos;
				VALIDATE_PRODUCT = YES;
			};
			name = Release;
		};
		8AD7114117841DBC0010DBB9 /* Debug */ = {
			isa = XCBuildConfiguration;
			buildSettings = {
				GCC_PRECOMPILE_PREFIX_HEADER = YES;
				GCC_PREFIX_HEADER = "TapGirl/TapGirl-Prefix.pch";
				INFOPLIST_FILE = "TapGirl/TapGirl-Info.plist";
				IPHONEOS_DEPLOYMENT_TARGET = 5.0;
				PRODUCT_NAME = "$(TARGET_NAME)";
				WRAPPER_EXTENSION = app;
			};
			name = Debug;
		};
		8AD7114217841DBC0010DBB9 /* Release */ = {
			isa = XCBuildConfiguration;
			buildSettings = {
				GCC_PRECOMPILE_PREFIX_HEADER = YES;
				GCC_PREFIX_HEADER = "TapGirl/TapGirl-Prefix.pch";
				INFOPLIST_FILE = "TapGirl/TapGirl-Info.plist";
				IPHONEOS_DEPLOYMENT_TARGET = 5.0;
				PRODUCT_NAME = "$(TARGET_NAME)";
				WRAPPER_EXTENSION = app;
			};
			name = Release;
		};
/* End XCBuildConfiguration section */

/* Begin XCConfigurationList section */
		8AD7111217841DBC0010DBB9 /* Build configuration list for PBXProject "TapGirl" */ = {
			isa = XCConfigurationList;
			buildConfigurations = (
				8AD7113E17841DBC0010DBB9 /* Debug */,
				8AD7113F17841DBC0010DBB9 /* Release */,
			);
			defaultConfigurationIsVisible = 0;
			defaultConfigurationName = Release;
		};
		8AD7114017841DBC0010DBB9 /* Build configuration list for PBXNativeTarget "TapGirl" */ = {
			isa = XCConfigurationList;
			buildConfigurations = (
				8AD7114117841DBC0010DBB9 /* Debug */,
				8AD7114217841DBC0010DBB9 /* Release */,
			);
			defaultConfigurationIsVisible = 0;
			defaultConfigurationName = Release;
		};
/* End XCConfigurationList section */
	};
	rootObject = 8AD7110F17841DBC0010DBB9 /* Project object */;
}
